
Microsoft Visual Studio Solution File, Format Version 12.00
# Visual Studio 15
VisualStudioVersion = 15.0.28307.421
MinimumVisualStudioVersion = 10.0.40219.1
Project("{FAE04EC0-301F-11D3-BF4B-00C04F79EFBC}") = "BestCandidateSearchApp", "BestCandidateSearchApp\BestCandidateSearchApp.csproj", "{29EB2F48-F348-43AF-8ED0-753F33C04485}"
EndProject
Project("{FAE04EC0-301F-11D3-BF4B-00C04F79EFBC}") = "BestCandidateSearchTest", "NUnitTestProject1\BestCandidateSearchTest.csproj", "{B613A3BD-72A7-49DF-BF1C-823F2C165DFE}"
EndProject
Global
	GlobalSection(SolutionConfigurationPlatforms) = preSolution
		Debug|Any CPU = Debug|Any CPU
		Release|Any CPU = Release|Any CPU
	EndGlobalSection
	GlobalSection(ProjectConfigurationPlatforms) = postSolution
		{29EB2F48-F348-43AF-8ED0-753F33C04485}.Debug|Any CPU.ActiveCfg = Debug|Any CPU
		{29EB2F48-F348-43AF-8ED0-753F33C04485}.Debug|Any CPU.Build.0 = Debug|Any CPU
		{29EB2F48-F348-43AF-8ED0-753F33C04485}.Release|Any CPU.ActiveCfg = Release|Any CPU
		{29EB2F48-F348-43AF-8ED0-753F33C04485}.Release|Any CPU.Build.0 = Release|Any CPU
		{B613A3BD-72A7-49DF-BF1C-823F2C165DFE}.Debug|Any CPU.ActiveCfg = Debug|Any CPU
		{B613A3BD-72A7-49DF-BF1C-823F2C165DFE}.Debug|Any CPU.Build.0 = Debug|Any CPU
		{B613A3BD-72A7-49DF-BF1C-823F2C165DFE}.Release|Any CPU.ActiveCfg = Release|Any CPU
		{B613A3BD-72A7-49DF-BF1C-823F2C165DFE}.Release|Any CPU.Build.0 = Release|Any CPU
	EndGlobalSection
	GlobalSection(SolutionProperties) = preSolution
		HideSolutionNode = FALSE
	EndGlobalSection
	GlobalSection(ExtensibilityGlobals) = postSolution
		SolutionGuid = {13A3464F-9C11-42B2-9160-706679B4CAD8}
	EndGlobalSection
EndGlobal
